
Microsoft Visual Studio Solution File, Format Version 12.00
# Visual Studio Version 17
VisualStudioVersion = 17.4.33122.133
MinimumVisualStudioVersion = 10.0.40219.1
Project("{2150E333-8FDC-42A3-9474-1A3956D46DE8}") = "src", "src", "{D7F837D9-B9B0-4653-8647-C0E957F01677}"
EndProject
Project("{9A19103F-16F7-4668-BE54-9A1E7A4F7556}") = "ApplicationCore", "src\ApplicationCore\ApplicationCore.csproj", "{B157FB27-7D6D-4DDF-B58B-55FC8BC82A2A}"
EndProject
Project("{9A19103F-16F7-4668-BE54-9A1E7A4F7556}") = "PublicApi", "src\PublicApi\PublicApi.csproj", "{70D9DE55-94FE-41D6-9FF3-9F29388A97B8}"
EndProject
Project("{2150E333-8FDC-42A3-9474-1A3956D46DE8}") = "tests", "tests", "{22595EF0-F4FD-46B0-A06F-2EF2E3ABC445}"
EndProject
Project("{FAE04EC0-301F-11D3-BF4B-00C04F79EFBC}") = "CaseStudy.UnitTests", "CaseStudy.UnitTests\CaseStudy.UnitTests.csproj", "{2583B4A3-B2A0-4CD6-9B57-81E5F2FC913C}"
EndProject
Project("{FAE04EC0-301F-11D3-BF4B-00C04F79EFBC}") = "CaseStudy.IntegrationTests", "CaseStudy.IntegrationTests\CaseStudy.IntegrationTests.csproj", "{AB15F43E-15F3-4ED7-A09B-3C8F4028C8B2}"
EndProject
Global
	GlobalSection(SolutionConfigurationPlatforms) = preSolution
		Debug|Any CPU = Debug|Any CPU
		Release|Any CPU = Release|Any CPU
	EndGlobalSection
	GlobalSection(ProjectConfigurationPlatforms) = postSolution
		{B157FB27-7D6D-4DDF-B58B-55FC8BC82A2A}.Debug|Any CPU.ActiveCfg = Debug|Any CPU
		{B157FB27-7D6D-4DDF-B58B-55FC8BC82A2A}.Debug|Any CPU.Build.0 = Debug|Any CPU
		{B157FB27-7D6D-4DDF-B58B-55FC8BC82A2A}.Release|Any CPU.ActiveCfg = Release|Any CPU
		{B157FB27-7D6D-4DDF-B58B-55FC8BC82A2A}.Release|Any CPU.Build.0 = Release|Any CPU
		{70D9DE55-94FE-41D6-9FF3-9F29388A97B8}.Debug|Any CPU.ActiveCfg = Debug|Any CPU
		{70D9DE55-94FE-41D6-9FF3-9F29388A97B8}.Debug|Any CPU.Build.0 = Debug|Any CPU
		{70D9DE55-94FE-41D6-9FF3-9F29388A97B8}.Release|Any CPU.ActiveCfg = Release|Any CPU
		{70D9DE55-94FE-41D6-9FF3-9F29388A97B8}.Release|Any CPU.Build.0 = Release|Any CPU
		{2583B4A3-B2A0-4CD6-9B57-81E5F2FC913C}.Debug|Any CPU.ActiveCfg = Debug|Any CPU
		{2583B4A3-B2A0-4CD6-9B57-81E5F2FC913C}.Debug|Any CPU.Build.0 = Debug|Any CPU
		{2583B4A3-B2A0-4CD6-9B57-81E5F2FC913C}.Release|Any CPU.ActiveCfg = Release|Any CPU
		{2583B4A3-B2A0-4CD6-9B57-81E5F2FC913C}.Release|Any CPU.Build.0 = Release|Any CPU
		{AB15F43E-15F3-4ED7-A09B-3C8F4028C8B2}.Debug|Any CPU.ActiveCfg = Debug|Any CPU
		{AB15F43E-15F3-4ED7-A09B-3C8F4028C8B2}.Debug|Any CPU.Build.0 = Debug|Any CPU
		{AB15F43E-15F3-4ED7-A09B-3C8F4028C8B2}.Release|Any CPU.ActiveCfg = Release|Any CPU
		{AB15F43E-15F3-4ED7-A09B-3C8F4028C8B2}.Release|Any CPU.Build.0 = Release|Any CPU
	EndGlobalSection
	GlobalSection(SolutionProperties) = preSolution
		HideSolutionNode = FALSE
	EndGlobalSection
	GlobalSection(NestedProjects) = preSolution
		{B157FB27-7D6D-4DDF-B58B-55FC8BC82A2A} = {D7F837D9-B9B0-4653-8647-C0E957F01677}
		{70D9DE55-94FE-41D6-9FF3-9F29388A97B8} = {D7F837D9-B9B0-4653-8647-C0E957F01677}
		{2583B4A3-B2A0-4CD6-9B57-81E5F2FC913C} = {22595EF0-F4FD-46B0-A06F-2EF2E3ABC445}
		{AB15F43E-15F3-4ED7-A09B-3C8F4028C8B2} = {22595EF0-F4FD-46B0-A06F-2EF2E3ABC445}
	EndGlobalSection
	GlobalSection(ExtensibilityGlobals) = postSolution
		SolutionGuid = {BEE0DE55-41A4-4227-B95D-747EC2775CF7}
	EndGlobalSection
EndGlobal
